
Microsoft Visual Studio Solution File, Format Version 12.00
# Visual Studio Version 17
VisualStudioVersion = 17.5.33530.505
MinimumVisualStudioVersion = 10.0.40219.1
Project("{8BC9CEB8-8B4A-11D0-8D11-00A0C91BC942}") = "swoosh", "swoosh.vcxproj", "{45C56C66-C8DA-4D1C-83BF-E467930AD3E5}"
EndProject
Global
	GlobalSection(SolutionConfigurationPlatforms) = preSolution
		Debug|x64 = Debug|x64
		Debug|x86 = Debug|x86
		Release|x64 = Release|x64
		Release|x86 = Release|x86
	EndGlobalSection
	GlobalSection(ProjectConfigurationPlatforms) = postSolution
		{45C56C66-C8DA-4D1C-83BF-E467930AD3E5}.Debug|x64.ActiveCfg = Debug|x64
		{45C56C66-C8DA-4D1C-83BF-E467930AD3E5}.Debug|x64.Build.0 = Debug|x64
		{45C56C66-C8DA-4D1C-83BF-E467930AD3E5}.Debug|x86.ActiveCfg = Debug|Win32
		{45C56C66-C8DA-4D1C-83BF-E467930AD3E5}.Debug|x86.Build.0 = Debug|Win32
		{45C56C66-C8DA-4D1C-83BF-E467930AD3E5}.Release|x64.ActiveCfg = Release|x64
		{45C56C66-C8DA-4D1C-83BF-E467930AD3E5}.Release|x64.Build.0 = Release|x64
		{45C56C66-C8DA-4D1C-83BF-E467930AD3E5}.Release|x86.ActiveCfg = Release|Win32
		{45C56C66-C8DA-4D1C-83BF-E467930AD3E5}.Release|x86.Build.0 = Release|Win32
	EndGlobalSection
	GlobalSection(SolutionProperties) = preSolution
		HideSolutionNode = FALSE
	EndGlobalSection
	GlobalSection(ExtensibilityGlobals) = postSolution
		SolutionGuid = {831489C3-A4D8-4587-9CA8-B838884B0027}
	EndGlobalSection
EndGlobal
